
Microsoft Visual Studio Solution File, Format Version 12.00
# Visual Studio Version 17
VisualStudioVersion = 17.11.35431.28
MinimumVisualStudioVersion = 10.0.40219.1
Project("{9A19103F-16F7-4668-BE54-9A1E7A4F7556}") = "ElectronicInvoiceTests", "ElectronicInvoiceTests\ElectronicInvoiceTests.csproj", "{DE2CAB24-A906-423C-B24F-B5C4772FFFA0}"
EndProject
Project("{9A19103F-16F7-4668-BE54-9A1E7A4F7556}") = "ElectronicInvoice.Produce", "ElectronicInvoice.Produce\ElectronicInvoice.Produce.csproj", "{03B80758-E3AB-4E50-8485-1FE798380357}"
EndProject
Global
	GlobalSection(SolutionConfigurationPlatforms) = preSolution
		Debug|Any CPU = Debug|Any CPU
		Release|Any CPU = Release|Any CPU
	EndGlobalSection
	GlobalSection(ProjectConfigurationPlatforms) = postSolution
		{DE2CAB24-A906-423C-B24F-B5C4772FFFA0}.Debug|Any CPU.ActiveCfg = Debug|Any CPU
		{DE2CAB24-A906-423C-B24F-B5C4772FFFA0}.Debug|Any CPU.Build.0 = Debug|Any CPU
		{DE2CAB24-A906-423C-B24F-B5C4772FFFA0}.Release|Any CPU.ActiveCfg = Release|Any CPU
		{DE2CAB24-A906-423C-B24F-B5C4772FFFA0}.Release|Any CPU.Build.0 = Release|Any CPU
		{03B80758-E3AB-4E50-8485-1FE798380357}.Debug|Any CPU.ActiveCfg = Debug|Any CPU
		{03B80758-E3AB-4E50-8485-1FE798380357}.Debug|Any CPU.Build.0 = Debug|Any CPU
		{03B80758-E3AB-4E50-8485-1FE798380357}.Release|Any CPU.ActiveCfg = Release|Any CPU
		{03B80758-E3AB-4E50-8485-1FE798380357}.Release|Any CPU.Build.0 = Release|Any CPU
	EndGlobalSection
	GlobalSection(SolutionProperties) = preSolution
		HideSolutionNode = FALSE
	EndGlobalSection
	GlobalSection(ExtensibilityGlobals) = postSolution
		SolutionGuid = {E39D0A2B-45AE-4D8F-B42B-53B387C02482}
	EndGlobalSection
EndGlobal
