
Microsoft Visual Studio Solution File, Format Version 12.00
# Visual Studio 14
VisualStudioVersion = 14.0.25420.1
MinimumVisualStudioVersion = 10.0.40219.1
Project("{FAE04EC0-301F-11D3-BF4B-00C04F79EFBC}") = "ElectronicInvoiceTests", "ElectronicInvoiceTests\ElectronicInvoiceTests.csproj", "{DE2CAB24-A906-423C-B24F-B5C4772FFFA0}"
EndProject
Project("{FAE04EC0-301F-11D3-BF4B-00C04F79EFBC}") = "ElectronicInvoice.Produce", "ElectronicInvoice.Produce\ElectronicInvoice.Produce.csproj", "{03B80758-E3AB-4E50-8485-1FE798380357}"
EndProject
Global
	GlobalSection(SolutionConfigurationPlatforms) = preSolution
		Debug|Any CPU = Debug|Any CPU
		Release|Any CPU = Release|Any CPU
	EndGlobalSection
	GlobalSection(ProjectConfigurationPlatforms) = postSolution
		{DE2CAB24-A906-423C-B24F-B5C4772FFFA0}.Debug|Any CPU.ActiveCfg = Debug|Any CPU
		{DE2CAB24-A906-423C-B24F-B5C4772FFFA0}.Debug|Any CPU.Build.0 = Debug|Any CPU
		{DE2CAB24-A906-423C-B24F-B5C4772FFFA0}.Release|Any CPU.ActiveCfg = Release|Any CPU
		{DE2CAB24-A906-423C-B24F-B5C4772FFFA0}.Release|Any CPU.Build.0 = Release|Any CPU
		{03B80758-E3AB-4E50-8485-1FE798380357}.Debug|Any CPU.ActiveCfg = Debug|Any CPU
		{03B80758-E3AB-4E50-8485-1FE798380357}.Debug|Any CPU.Build.0 = Debug|Any CPU
		{03B80758-E3AB-4E50-8485-1FE798380357}.Release|Any CPU.ActiveCfg = Release|Any CPU
		{03B80758-E3AB-4E50-8485-1FE798380357}.Release|Any CPU.Build.0 = Release|Any CPU
	EndGlobalSection
	GlobalSection(SolutionProperties) = preSolution
		HideSolutionNode = FALSE
	EndGlobalSection
EndGlobal
